# -------------------------------------------------------------------------- #
#
# Copyright (C) 2018  Intel Corporation. All rights reserved.
# Your use of Intel Corporation's design tools, logic functions 
# and other software and tools, and its AMPP partner logic 
# functions, and any output files from any of the foregoing 
# (including device programming or simulation files), and any 
# associated documentation or information are expressly subject 
# to the terms and conditions of the Intel Program License 
# Subscription Agreement, the Intel Quartus Prime License Agreement,
# the Intel FPGA IP License Agreement, or other applicable license
# agreement, including, without limitation, that your use is for
# the sole purpose of programming logic devices manufactured by
# Intel and sold by Intel or its authorized distributors.  Please
# refer to the applicable agreement for further details.
#
# -------------------------------------------------------------------------- #
#
# Quartus Prime
# Version 18.0.0 Build 614 04/24/2018 SJ Standard Edition
# Date created = 16:22:47  June 18, 2026
#
# -------------------------------------------------------------------------- #
#
# Notes:
#
# 1) The default values for assignments are stored in the file:
#		test_lqfp_assignment_defaults.qdf
#    If this file doesn't exist, see file:
#		assignment_defaults.qdf
#
# 2) Altera recommends that you do not modify this file. This
#    file is updated automatically by the Quartus Prime software
#    and any changes you make may be lost or overwritten.
#
# -------------------------------------------------------------------------- #


set_global_assignment -name FAMILY "Cyclone IV E"
set_global_assignment -name DEVICE EP4CE10E22I7
set_global_assignment -name TOP_LEVEL_ENTITY main
set_global_assignment -name ORIGINAL_QUARTUS_VERSION 18.0.0
set_global_assignment -name PROJECT_CREATION_TIME_DATE "16:22:47  JUNE 18, 2026"
set_global_assignment -name LAST_QUARTUS_VERSION "18.0.0 Standard Edition"
set_global_assignment -name PROJECT_OUTPUT_DIRECTORY output_files
set_global_assignment -name MIN_CORE_JUNCTION_TEMP "-40"
set_global_assignment -name MAX_CORE_JUNCTION_TEMP 100
set_global_assignment -name DEVICE_FILTER_PACKAGE TQFP
set_global_assignment -name DEVICE_FILTER_PIN_COUNT 144
set_global_assignment -name ERROR_CHECK_FREQUENCY_DIVISOR 1
set_global_assignment -name NOMINAL_CORE_SUPPLY_VOLTAGE 1.2V
set_global_assignment -name POWER_PRESET_COOLING_SOLUTION "23 MM HEAT SINK WITH 200 LFPM AIRFLOW"
set_global_assignment -name POWER_BOARD_THERMAL_MODEL "NONE (CONSERVATIVE)"
set_global_assignment -name ENABLE_OCT_DONE OFF
set_global_assignment -name ENABLE_CONFIGURATION_PINS OFF
set_global_assignment -name ENABLE_BOOT_SEL_PIN OFF
set_global_assignment -name USE_CONFIGURATION_DEVICE OFF
set_global_assignment -name CRC_ERROR_OPEN_DRAIN OFF
set_global_assignment -name CYCLONEII_RESERVE_NCEO_AFTER_CONFIGURATION "USE AS REGULAR IO"
set_global_assignment -name OUTPUT_IO_TIMING_NEAR_END_VMEAS "HALF VCCIO" -rise
set_global_assignment -name OUTPUT_IO_TIMING_NEAR_END_VMEAS "HALF VCCIO" -fall
set_global_assignment -name OUTPUT_IO_TIMING_FAR_END_VMEAS "HALF SIGNAL SWING" -rise
set_global_assignment -name OUTPUT_IO_TIMING_FAR_END_VMEAS "HALF SIGNAL SWING" -fall
set_global_assignment -name VERILOG_FILE ../rtl/main.v
set_global_assignment -name VERILOG_FILE ../rtl/spi_master.v
set_global_assignment -name VERILOG_FILE ../rtl/w5500_init.v
set_global_assignment -name VERILOG_FILE ../rtl/w5500_receive.v
set_global_assignment -name VERILOG_FILE ../rtl/w5500_send.v
set_global_assignment -name VERILOG_FILE ../rtl/pulse_gen.v
set_global_assignment -name VERILOG_FILE ../rtl/simple_spi_test.v
set_location_assignment PIN_3 -to led[0]
set_instance_assignment -name IO_STANDARD "3.3-V LVCMOS" -to led[1]
set_location_assignment PIN_23 -to sys_clk
set_location_assignment PIN_24 -to sys_rst_n
set_location_assignment PIN_2 -to led[1]
set_instance_assignment -name IO_STANDARD "3.3-V LVCMOS" -to sys_clk
set_instance_assignment -name IO_STANDARD "3.3-V LVCMOS" -to sys_rst_n
set_instance_assignment -name IO_STANDARD "3.3-V LVCMOS" -to led[0]
set_instance_assignment -name IO_STANDARD "3.3-V LVCMOS" -to led
set_location_assignment PIN_1 -to led[2]
set_instance_assignment -name IO_STANDARD "3.3-V LVCMOS" -to key[0]
set_instance_assignment -name IO_STANDARD "3.3-V LVCMOS" -to key
# PIN_28 now used by w5500_rst (was key[1])
# PIN_30 now used by w5500_int (was key[2])
set_location_assignment PIN_25 -to key[0]
set_global_assignment -name PARTITION_NETLIST_TYPE SOURCE -section_id Top
set_global_assignment -name PARTITION_FITTER_PRESERVATION_LEVEL PLACEMENT_AND_ROUTING -section_id Top
set_global_assignment -name PARTITION_COLOR 16764057 -section_id Top
set_location_assignment PIN_28 -to w5500_rst
set_location_assignment PIN_30 -to w5500_int
set_location_assignment PIN_31 -to w5500_mosi
set_location_assignment PIN_32 -to w5500_miso
set_location_assignment PIN_33 -to w5500_sclk
set_location_assignment PIN_34 -to w5500_scs
set_instance_assignment -name IO_STANDARD "3.3-V LVCMOS" -to w5500_int
set_instance_assignment -name IO_STANDARD "3.3-V LVCMOS" -to w5500_miso
set_instance_assignment -name IO_STANDARD "3.3-V LVCMOS" -to w5500_mosi
set_instance_assignment -name IO_STANDARD "3.3-V LVCMOS" -to w5500_rst
set_instance_assignment -name IO_STANDARD "3.3-V LVCMOS" -to w5500_sclk
set_instance_assignment -name IO_STANDARD "3.3-V LVCMOS" -to w5500_scs
set_location_assignment PIN_64 -to pulse_out[0]
set_location_assignment PIN_66 -to pulse_out[1]
set_location_assignment PIN_68 -to pulse_out[2]
set_location_assignment PIN_70 -to pulse_out[3]
set_location_assignment PIN_98 -to pulse_out[4]
set_location_assignment PIN_100 -to pulse_out[5]
set_location_assignment PIN_103 -to pulse_out[6]
set_location_assignment PIN_105 -to pulse_out[7]
set_instance_assignment -name IO_STANDARD "3.3-V LVCMOS" -to pulse_out
set_location_assignment PIN_65 -to dir_out[0]
set_location_assignment PIN_67 -to dir_out[1]
set_location_assignment PIN_69 -to dir_out[2]
set_location_assignment PIN_71 -to dir_out[3]
set_location_assignment PIN_99 -to dir_out[4]
set_location_assignment PIN_101 -to dir_out[5]
set_location_assignment PIN_104 -to dir_out[6]
set_location_assignment PIN_106 -to dir_out[7]
set_instance_assignment -name IO_STANDARD "3.3-V LVCMOS" -to dir_out
set_location_assignment PIN_110 -to sig_in[0]
set_location_assignment PIN_111 -to sig_in[1]
set_location_assignment PIN_112 -to sig_in[2]
set_location_assignment PIN_113 -to sig_in[3]
set_location_assignment PIN_114 -to sig_in[4]
set_location_assignment PIN_115 -to sig_in[5]
set_location_assignment PIN_119 -to sig_in[6]
set_location_assignment PIN_120 -to sig_in[7]
set_location_assignment PIN_121 -to sig_in[8]
set_location_assignment PIN_124 -to sig_in[9]
set_location_assignment PIN_125 -to sig_in[10]
set_location_assignment PIN_126 -to sig_in[11]
set_instance_assignment -name IO_STANDARD "3.3-V LVCMOS" -to sig_in
set_instance_assignment -name PARTITION_HIERARCHY root_partition -to | -section_id Top